
Microsoft Visual Studio Solution File, Format Version 12.00
# Visual Studio Version 17
VisualStudioVersion = 17.0.31903.59
MinimumVisualStudioVersion = 10.0.40219.1
Project("{2150E333-8FDC-42A3-9474-1A3956D46DE8}") = "src", "src", "{BBC3647C-7603-494A-BC6D-99C26526B473}"
EndProject
Project("{FAE04EC0-301F-11D3-BF4B-00C04F79EFBC}") = "BMPharma.Domain", "src\BMPharma.Domain\BMPharma.Domain.csproj", "{BA69E4A6-4521-4E76-B9A9-991A6B726E2B}"
EndProject
Project("{FAE04EC0-301F-11D3-BF4B-00C04F79EFBC}") = "BMPharma.Application", "src\BMPharma.Application\BMPharma.Application.csproj", "{A0C3D070-04E0-401C-BC95-0AD475065D3E}"
EndProject
Project("{FAE04EC0-301F-11D3-BF4B-00C04F79EFBC}") = "BMPharma.Infrastructure", "src\BMPharma.Infrastructure\BMPharma.Infrastructure.csproj", "{C584F625-E118-473F-AAF2-A464FDF19217}"
EndProject
Project("{FAE04EC0-301F-11D3-BF4B-00C04F79EFBC}") = "BMPharma.Persistence.SQLite", "src\BMPharma.Persistence.SQLite\BMPharma.Persistence.SQLite.csproj", "{10F1150F-ACAE-4D07-AD68-FB2E2AB3042F}"
EndProject
Project("{FAE04EC0-301F-11D3-BF4B-00C04F79EFBC}") = "BMPharma.Persistence.PostgreSQL", "src\BMPharma.Persistence.PostgreSQL\BMPharma.Persistence.PostgreSQL.csproj", "{75279944-367E-4FC1-8BFC-8B15DB95FBA9}"
EndProject
Project("{FAE04EC0-301F-11D3-BF4B-00C04F79EFBC}") = "BMPharma.Shared", "src\BMPharma.Shared\BMPharma.Shared.csproj", "{51CCF7AB-774C-41AE-B1EC-3854A6111913}"
EndProject
Project("{FAE04EC0-301F-11D3-BF4B-00C04F79EFBC}") = "BMPharma.Reporting", "src\BMPharma.Reporting\BMPharma.Reporting.csproj", "{ECE2F722-0EEB-4136-9F17-71441C27D390}"
EndProject
Project("{FAE04EC0-301F-11D3-BF4B-00C04F79EFBC}") = "BMPharma.Sync", "src\BMPharma.Sync\BMPharma.Sync.csproj", "{59882CAA-5FCF-4CA5-A2CB-481C5015693E}"
EndProject
Project("{FAE04EC0-301F-11D3-BF4B-00C04F79EFBC}") = "BMPharma.CNAS", "src\BMPharma.CNAS\BMPharma.CNAS.csproj", "{963CC6A9-D0B3-4B70-BC11-A202DE83B750}"
EndProject
Project("{FAE04EC0-301F-11D3-BF4B-00C04F79EFBC}") = "BMPharma.CHIFA", "src\BMPharma.CHIFA\BMPharma.CHIFA.csproj", "{8556EC21-E6A6-4A89-A473-F8D7F37E878D}"
EndProject
Project("{FAE04EC0-301F-11D3-BF4B-00C04F79EFBC}") = "BMPharma.Notifications", "src\BMPharma.Notifications\BMPharma.Notifications.csproj", "{A6A60DED-CB4A-4CF8-AC1B-027F56C2AD4E}"
EndProject
Project("{2150E333-8FDC-42A3-9474-1A3956D46DE8}") = "tests", "tests", "{939B8802-9559-45BA-826F-15D73F4FED8D}"
EndProject
Project("{FAE04EC0-301F-11D3-BF4B-00C04F79EFBC}") = "BMPharma.Domain.Tests", "tests\BMPharma.Domain.Tests\BMPharma.Domain.Tests.csproj", "{D44E5379-0C88-4E6D-B355-B622EEE6A72D}"
EndProject
Project("{FAE04EC0-301F-11D3-BF4B-00C04F79EFBC}") = "BMPharma.Application.Tests", "tests\BMPharma.Application.Tests\BMPharma.Application.Tests.csproj", "{EF480F36-2472-47FF-B1FA-4F9EFDADA22C}"
EndProject
Project("{FAE04EC0-301F-11D3-BF4B-00C04F79EFBC}") = "BMPharma.Infrastructure.Tests", "tests\BMPharma.Infrastructure.Tests\BMPharma.Infrastructure.Tests.csproj", "{4AEA7159-7252-4C65-AC18-8C56787C8DC9}"
EndProject
Project("{FAE04EC0-301F-11D3-BF4B-00C04F79EFBC}") = "BMPharma.Persistence.Tests", "tests\BMPharma.Persistence.Tests\BMPharma.Persistence.Tests.csproj", "{74CB3529-8E33-474C-BA69-6D0DC16ACB69}"
EndProject
Project("{FAE04EC0-301F-11D3-BF4B-00C04F79EFBC}") = "BMPharma.ArchitectureTests", "tests\BMPharma.ArchitectureTests\BMPharma.ArchitectureTests.csproj", "{EC4590DB-9F5D-4409-ABAE-C62458742BA5}"
EndProject
Project("{2150E333-8FDC-42A3-9474-1A3956D46DE8}") = "tools", "tools", "{2688E11D-726C-43ED-8BD0-34143D1AC5E6}"
EndProject
Project("{FAE04EC0-301F-11D3-BF4B-00C04F79EFBC}") = "BMPharma.Database.Migration", "tools\BMPharma.Database.Migration\BMPharma.Database.Migration.csproj", "{AF3F328F-2477-4C0C-80E7-B9EC4B5316A4}"
EndProject
Project("{FAE04EC0-301F-11D3-BF4B-00C04F79EFBC}") = "BMPharma.Seed.Data", "tools\BMPharma.Seed.Data\BMPharma.Seed.Data.csproj", "{50AFCDC6-E458-460E-8FDB-278C7BF85426}"
EndProject
Project("{FAE04EC0-301F-11D3-BF4B-00C04F79EFBC}") = "BMPharma.UI", "src\BMPharma.UI\BMPharma.UI.csproj", "{9A2D22C5-68EA-4063-86DB-7B65C4854577}"
EndProject
Project("{FAE04EC0-301F-11D3-BF4B-00C04F79EFBC}") = "BMPharma.CHIFA.Tests", "tests\BMPharma.CHIFA.Tests\BMPharma.CHIFA.Tests.csproj", "{B375BE6E-3869-4A8D-9744-91D12FF13574}"
EndProject
Global
	GlobalSection(SolutionConfigurationPlatforms) = preSolution
		Debug|Any CPU = Debug|Any CPU
		Release|Any CPU = Release|Any CPU
	EndGlobalSection
	GlobalSection(SolutionProperties) = preSolution
		HideSolutionNode = FALSE
	EndGlobalSection
	GlobalSection(ProjectConfigurationPlatforms) = postSolution
		{BA69E4A6-4521-4E76-B9A9-991A6B726E2B}.Debug|Any CPU.ActiveCfg = Debug|Any CPU
		{BA69E4A6-4521-4E76-B9A9-991A6B726E2B}.Debug|Any CPU.Build.0 = Debug|Any CPU
		{BA69E4A6-4521-4E76-B9A9-991A6B726E2B}.Release|Any CPU.ActiveCfg = Release|Any CPU
		{BA69E4A6-4521-4E76-B9A9-991A6B726E2B}.Release|Any CPU.Build.0 = Release|Any CPU
		{A0C3D070-04E0-401C-BC95-0AD475065D3E}.Debug|Any CPU.ActiveCfg = Debug|Any CPU
		{A0C3D070-04E0-401C-BC95-0AD475065D3E}.Debug|Any CPU.Build.0 = Debug|Any CPU
		{A0C3D070-04E0-401C-BC95-0AD475065D3E}.Release|Any CPU.ActiveCfg = Release|Any CPU
		{A0C3D070-04E0-401C-BC95-0AD475065D3E}.Release|Any CPU.Build.0 = Release|Any CPU
		{C584F625-E118-473F-AAF2-A464FDF19217}.Debug|Any CPU.ActiveCfg = Debug|Any CPU
		{C584F625-E118-473F-AAF2-A464FDF19217}.Debug|Any CPU.Build.0 = Debug|Any CPU
		{C584F625-E118-473F-AAF2-A464FDF19217}.Release|Any CPU.ActiveCfg = Release|Any CPU
		{C584F625-E118-473F-AAF2-A464FDF19217}.Release|Any CPU.Build.0 = Release|Any CPU
		{10F1150F-ACAE-4D07-AD68-FB2E2AB3042F}.Debug|Any CPU.ActiveCfg = Debug|Any CPU
		{10F1150F-ACAE-4D07-AD68-FB2E2AB3042F}.Debug|Any CPU.Build.0 = Debug|Any CPU
		{10F1150F-ACAE-4D07-AD68-FB2E2AB3042F}.Release|Any CPU.ActiveCfg = Release|Any CPU
		{10F1150F-ACAE-4D07-AD68-FB2E2AB3042F}.Release|Any CPU.Build.0 = Release|Any CPU
		{75279944-367E-4FC1-8BFC-8B15DB95FBA9}.Debug|Any CPU.ActiveCfg = Debug|Any CPU
		{75279944-367E-4FC1-8BFC-8B15DB95FBA9}.Debug|Any CPU.Build.0 = Debug|Any CPU
		{75279944-367E-4FC1-8BFC-8B15DB95FBA9}.Release|Any CPU.ActiveCfg = Release|Any CPU
		{75279944-367E-4FC1-8BFC-8B15DB95FBA9}.Release|Any CPU.Build.0 = Release|Any CPU
		{51CCF7AB-774C-41AE-B1EC-3854A6111913}.Debug|Any CPU.ActiveCfg = Debug|Any CPU
		{51CCF7AB-774C-41AE-B1EC-3854A6111913}.Debug|Any CPU.Build.0 = Debug|Any CPU
		{51CCF7AB-774C-41AE-B1EC-3854A6111913}.Release|Any CPU.ActiveCfg = Release|Any CPU
		{51CCF7AB-774C-41AE-B1EC-3854A6111913}.Release|Any CPU.Build.0 = Release|Any CPU
		{ECE2F722-0EEB-4136-9F17-71441C27D390}.Debug|Any CPU.ActiveCfg = Debug|Any CPU
		{ECE2F722-0EEB-4136-9F17-71441C27D390}.Debug|Any CPU.Build.0 = Debug|Any CPU
		{ECE2F722-0EEB-4136-9F17-71441C27D390}.Release|Any CPU.ActiveCfg = Release|Any CPU
		{ECE2F722-0EEB-4136-9F17-71441C27D390}.Release|Any CPU.Build.0 = Release|Any CPU
		{59882CAA-5FCF-4CA5-A2CB-481C5015693E}.Debug|Any CPU.ActiveCfg = Debug|Any CPU
		{59882CAA-5FCF-4CA5-A2CB-481C5015693E}.Debug|Any CPU.Build.0 = Debug|Any CPU
		{59882CAA-5FCF-4CA5-A2CB-481C5015693E}.Release|Any CPU.ActiveCfg = Release|Any CPU
		{59882CAA-5FCF-4CA5-A2CB-481C5015693E}.Release|Any CPU.Build.0 = Release|Any CPU
		{963CC6A9-D0B3-4B70-BC11-A202DE83B750}.Debug|Any CPU.ActiveCfg = Debug|Any CPU
		{963CC6A9-D0B3-4B70-BC11-A202DE83B750}.Debug|Any CPU.Build.0 = Debug|Any CPU
		{963CC6A9-D0B3-4B70-BC11-A202DE83B750}.Release|Any CPU.ActiveCfg = Release|Any CPU
		{963CC6A9-D0B3-4B70-BC11-A202DE83B750}.Release|Any CPU.Build.0 = Release|Any CPU
		{8556EC21-E6A6-4A89-A473-F8D7F37E878D}.Debug|Any CPU.ActiveCfg = Debug|Any CPU
		{8556EC21-E6A6-4A89-A473-F8D7F37E878D}.Debug|Any CPU.Build.0 = Debug|Any CPU
		{8556EC21-E6A6-4A89-A473-F8D7F37E878D}.Release|Any CPU.ActiveCfg = Release|Any CPU
		{8556EC21-E6A6-4A89-A473-F8D7F37E878D}.Release|Any CPU.Build.0 = Release|Any CPU
		{A6A60DED-CB4A-4CF8-AC1B-027F56C2AD4E}.Debug|Any CPU.ActiveCfg = Debug|Any CPU
		{A6A60DED-CB4A-4CF8-AC1B-027F56C2AD4E}.Debug|Any CPU.Build.0 = Debug|Any CPU
		{A6A60DED-CB4A-4CF8-AC1B-027F56C2AD4E}.Release|Any CPU.ActiveCfg = Release|Any CPU
		{A6A60DED-CB4A-4CF8-AC1B-027F56C2AD4E}.Release|Any CPU.Build.0 = Release|Any CPU
		{D44E5379-0C88-4E6D-B355-B622EEE6A72D}.Debug|Any CPU.ActiveCfg = Debug|Any CPU
		{D44E5379-0C88-4E6D-B355-B622EEE6A72D}.Debug|Any CPU.Build.0 = Debug|Any CPU
		{D44E5379-0C88-4E6D-B355-B622EEE6A72D}.Release|Any CPU.ActiveCfg = Release|Any CPU
		{D44E5379-0C88-4E6D-B355-B622EEE6A72D}.Release|Any CPU.Build.0 = Release|Any CPU
		{EF480F36-2472-47FF-B1FA-4F9EFDADA22C}.Debug|Any CPU.ActiveCfg = Debug|Any CPU
		{EF480F36-2472-47FF-B1FA-4F9EFDADA22C}.Debug|Any CPU.Build.0 = Debug|Any CPU
		{EF480F36-2472-47FF-B1FA-4F9EFDADA22C}.Release|Any CPU.ActiveCfg = Release|Any CPU
		{EF480F36-2472-47FF-B1FA-4F9EFDADA22C}.Release|Any CPU.Build.0 = Release|Any CPU
		{4AEA7159-7252-4C65-AC18-8C56787C8DC9}.Debug|Any CPU.ActiveCfg = Debug|Any CPU
		{4AEA7159-7252-4C65-AC18-8C56787C8DC9}.Debug|Any CPU.Build.0 = Debug|Any CPU
		{4AEA7159-7252-4C65-AC18-8C56787C8DC9}.Release|Any CPU.ActiveCfg = Release|Any CPU
		{4AEA7159-7252-4C65-AC18-8C56787C8DC9}.Release|Any CPU.Build.0 = Release|Any CPU
		{74CB3529-8E33-474C-BA69-6D0DC16ACB69}.Debug|Any CPU.ActiveCfg = Debug|Any CPU
		{74CB3529-8E33-474C-BA69-6D0DC16ACB69}.Debug|Any CPU.Build.0 = Debug|Any CPU
		{74CB3529-8E33-474C-BA69-6D0DC16ACB69}.Release|Any CPU.ActiveCfg = Release|Any CPU
		{74CB3529-8E33-474C-BA69-6D0DC16ACB69}.Release|Any CPU.Build.0 = Release|Any CPU
		{EC4590DB-9F5D-4409-ABAE-C62458742BA5}.Debug|Any CPU.ActiveCfg = Debug|Any CPU
		{EC4590DB-9F5D-4409-ABAE-C62458742BA5}.Debug|Any CPU.Build.0 = Debug|Any CPU
		{EC4590DB-9F5D-4409-ABAE-C62458742BA5}.Release|Any CPU.ActiveCfg = Release|Any CPU
		{EC4590DB-9F5D-4409-ABAE-C62458742BA5}.Release|Any CPU.Build.0 = Release|Any CPU
		{AF3F328F-2477-4C0C-80E7-B9EC4B5316A4}.Debug|Any CPU.ActiveCfg = Debug|Any CPU
		{AF3F328F-2477-4C0C-80E7-B9EC4B5316A4}.Debug|Any CPU.Build.0 = Debug|Any CPU
		{AF3F328F-2477-4C0C-80E7-B9EC4B5316A4}.Release|Any CPU.ActiveCfg = Release|Any CPU
		{AF3F328F-2477-4C0C-80E7-B9EC4B5316A4}.Release|Any CPU.Build.0 = Release|Any CPU
		{50AFCDC6-E458-460E-8FDB-278C7BF85426}.Debug|Any CPU.ActiveCfg = Debug|Any CPU
		{50AFCDC6-E458-460E-8FDB-278C7BF85426}.Debug|Any CPU.Build.0 = Debug|Any CPU
		{50AFCDC6-E458-460E-8FDB-278C7BF85426}.Release|Any CPU.ActiveCfg = Release|Any CPU
		{50AFCDC6-E458-460E-8FDB-278C7BF85426}.Release|Any CPU.Build.0 = Release|Any CPU
		{9A2D22C5-68EA-4063-86DB-7B65C4854577}.Debug|Any CPU.ActiveCfg = Debug|Any CPU
		{9A2D22C5-68EA-4063-86DB-7B65C4854577}.Debug|Any CPU.Build.0 = Debug|Any CPU
		{9A2D22C5-68EA-4063-86DB-7B65C4854577}.Release|Any CPU.ActiveCfg = Release|Any CPU
		{9A2D22C5-68EA-4063-86DB-7B65C4854577}.Release|Any CPU.Build.0 = Release|Any CPU
		{B375BE6E-3869-4A8D-9744-91D12FF13574}.Debug|Any CPU.ActiveCfg = Debug|Any CPU
		{B375BE6E-3869-4A8D-9744-91D12FF13574}.Debug|Any CPU.Build.0 = Debug|Any CPU
		{B375BE6E-3869-4A8D-9744-91D12FF13574}.Release|Any CPU.ActiveCfg = Release|Any CPU
		{B375BE6E-3869-4A8D-9744-91D12FF13574}.Release|Any CPU.Build.0 = Release|Any CPU
	EndGlobalSection
	GlobalSection(NestedProjects) = preSolution
		{BA69E4A6-4521-4E76-B9A9-991A6B726E2B} = {BBC3647C-7603-494A-BC6D-99C26526B473}
		{A0C3D070-04E0-401C-BC95-0AD475065D3E} = {BBC3647C-7603-494A-BC6D-99C26526B473}
		{C584F625-E118-473F-AAF2-A464FDF19217} = {BBC3647C-7603-494A-BC6D-99C26526B473}
		{10F1150F-ACAE-4D07-AD68-FB2E2AB3042F} = {BBC3647C-7603-494A-BC6D-99C26526B473}
		{75279944-367E-4FC1-8BFC-8B15DB95FBA9} = {BBC3647C-7603-494A-BC6D-99C26526B473}
		{51CCF7AB-774C-41AE-B1EC-3854A6111913} = {BBC3647C-7603-494A-BC6D-99C26526B473}
		{ECE2F722-0EEB-4136-9F17-71441C27D390} = {BBC3647C-7603-494A-BC6D-99C26526B473}
		{59882CAA-5FCF-4CA5-A2CB-481C5015693E} = {BBC3647C-7603-494A-BC6D-99C26526B473}
		{963CC6A9-D0B3-4B70-BC11-A202DE83B750} = {BBC3647C-7603-494A-BC6D-99C26526B473}
		{8556EC21-E6A6-4A89-A473-F8D7F37E878D} = {BBC3647C-7603-494A-BC6D-99C26526B473}
		{A6A60DED-CB4A-4CF8-AC1B-027F56C2AD4E} = {BBC3647C-7603-494A-BC6D-99C26526B473}
		{D44E5379-0C88-4E6D-B355-B622EEE6A72D} = {939B8802-9559-45BA-826F-15D73F4FED8D}
		{EF480F36-2472-47FF-B1FA-4F9EFDADA22C} = {939B8802-9559-45BA-826F-15D73F4FED8D}
		{4AEA7159-7252-4C65-AC18-8C56787C8DC9} = {939B8802-9559-45BA-826F-15D73F4FED8D}
		{74CB3529-8E33-474C-BA69-6D0DC16ACB69} = {939B8802-9559-45BA-826F-15D73F4FED8D}
		{EC4590DB-9F5D-4409-ABAE-C62458742BA5} = {939B8802-9559-45BA-826F-15D73F4FED8D}
		{AF3F328F-2477-4C0C-80E7-B9EC4B5316A4} = {2688E11D-726C-43ED-8BD0-34143D1AC5E6}
		{50AFCDC6-E458-460E-8FDB-278C7BF85426} = {2688E11D-726C-43ED-8BD0-34143D1AC5E6}
		{9A2D22C5-68EA-4063-86DB-7B65C4854577} = {BBC3647C-7603-494A-BC6D-99C26526B473}
		{B375BE6E-3869-4A8D-9744-91D12FF13574} = {939B8802-9559-45BA-826F-15D73F4FED8D}
	EndGlobalSection
EndGlobal
